schema: '2.0'
stages:
  data_ingestion:
    cmd: python src/data/data_ingestion.py
    deps:
    - path: src/data/data_ingestion.py
      hash: md5
      md5: 3f46cbbabbe117283d3d470f62e43aae
      size: 3361
    params:
      params.yaml:
        data_ingestion.test_size: 0.25
    outs:
    - path: data/raw
      hash: md5
      md5: 4cb13be77d38db01f1457549ce0e0406.dir
      size: 649243
      nfiles: 2
  data_preprocessing:
    cmd: python src/data/data_preprocessing.py
    deps:
    - path: data/raw
      hash: md5
      md5: 4cb13be77d38db01f1457549ce0e0406.dir
      size: 649243
      nfiles: 2
    - path: src/data/data_preprocessing.py
      hash: md5
      md5: dca41eb893f2f28dac1a5a4f08058e68
      size: 2855
    outs:
    - path: data/interim
      hash: md5
      md5: 30f7068da4a57b080052004044763ab0.dir
      size: 401269
      nfiles: 2
  feature_engineering:
    cmd: python src/features/feature_engineering.py
    deps:
    - path: data/interim
      hash: md5
      md5: 30f7068da4a57b080052004044763ab0.dir
      size: 401269
      nfiles: 2
    - path: src/features/feature_engineering.py
      hash: md5
      md5: c1e9ac62f2a96b3be93c1afc49eaf5ee
      size: 3350
    params:
      params.yaml:
        feature_engineering.max_features: 50
    outs:
    - path: data/processed
      hash: md5
      md5: eac3fba7627aa7a0245fbe78c32c88f8.dir
      size: 51883
      nfiles: 2
    - path: models/vectorizer.pkl
      hash: md5
      md5: da11bbe79bcf91bf27d74e7632403371
      size: 1866
  model_building:
    cmd: python src/model/model_building.py
    deps:
    - path: data/processed
      hash: md5
      md5: eac3fba7627aa7a0245fbe78c32c88f8.dir
      size: 51883
      nfiles: 2
    - path: src/model/model_building.py
      hash: md5
      md5: a4c28b4ebd5eac28a42e5ac14879f719
      size: 1858
    outs:
    - path: models/model_Log_Reg.pkl
      hash: md5
      md5: 5f2aa58b815174589502c302224aa771
      size: 1115
  model_evaluation:
    cmd: python src/model/model_evaluation.py
    deps:
    - path: models/model_Log_Reg.pkl
      hash: md5
      md5: 5f2aa58b815174589502c302224aa771
      size: 1115
    - path: src/model/model_evaluation.py
      hash: md5
      md5: 77ae5a039b2389c7ce6cbfe8c9b1d656
      size: 5546
    outs:
    - path: reports/experiment_info.json
      hash: md5
      md5: 0b52dc12fe7b3f212642d0df51154a3d
      size: 82
    - path: reports/metrics.json
      hash: md5
      md5: b52d650a8ff0e668ccb81b19c1f2099f
      size: 132
  model_registration:
    cmd: python src/model/register_model.py
    deps:
    - path: reports/experiment_info.json
      hash: md5
      md5: 0b52dc12fe7b3f212642d0df51154a3d
      size: 82
    - path: src/model/register_model.py
      hash: md5
      md5: 2024fc25e95352ded28cb4f258810662
      size: 5447
