schema: '2.0'
stages:
  data_ingestion:
    cmd: python src/data/data_ingestion.py
    deps:
    - path: src/data/data_ingestion.py
      hash: md5
      md5: 3f46cbbabbe117283d3d470f62e43aae
      size: 3361
    params:
      params.yaml:
        data_ingestion.test_size: 0.25
    outs:
    - path: data/raw
      hash: md5
      md5: 4cb13be77d38db01f1457549ce0e0406.dir
      size: 649243
      nfiles: 2
  data_preprocessing:
    cmd: python src/data/data_preprocessing.py
    deps:
    - path: data/raw
      hash: md5
      md5: 4cb13be77d38db01f1457549ce0e0406.dir
      size: 649243
      nfiles: 2
    - path: src/data/data_preprocessing.py
      hash: md5
      md5: dca41eb893f2f28dac1a5a4f08058e68
      size: 2855
    outs:
    - path: data/interim
      hash: md5
      md5: 30f7068da4a57b080052004044763ab0.dir
      size: 401269
      nfiles: 2
  feature_engineering:
    cmd: python src/features/feature_engineering.py
    deps:
    - path: data/interim
      hash: md5
      md5: 30f7068da4a57b080052004044763ab0.dir
      size: 401269
      nfiles: 2
    - path: src/features/feature_engineering.py
      hash: md5
      md5: c1e9ac62f2a96b3be93c1afc49eaf5ee
      size: 3350
    params:
      params.yaml:
        feature_engineering.max_features: 50
    outs:
    - path: data/processed
      hash: md5
      md5: eac3fba7627aa7a0245fbe78c32c88f8.dir
      size: 51883
      nfiles: 2
    - path: models/vectorizer.pkl
      hash: md5
      md5: da11bbe79bcf91bf27d74e7632403371
      size: 1866
  model_building:
    cmd: python src/model/model_building.py
    deps:
    - path: data/processed
      hash: md5
      md5: eac3fba7627aa7a0245fbe78c32c88f8.dir
      size: 51883
      nfiles: 2
    - path: src/model/model_building.py
      hash: md5
      md5: 76e6ee81feda08099f059279df08f8af
      size: 1850
    outs:
    - path: models/model.pkl
      hash: md5
      md5: 57303e371ded6484c0c4d88d0e19b6ae
      size: 1115
  model_evaluation:
    cmd: python src/model/model_evaluation.py
    deps:
    - path: models/model.pkl
      hash: md5
      md5: 57303e371ded6484c0c4d88d0e19b6ae
      size: 1115
    - path: src/model/model_evaluation.py
      hash: md5
      md5: f7ded1a19889b346f092b46a089aae3e
      size: 5415
    outs:
    - path: reports/experiment_info.json
      hash: md5
      md5: 76622595748ba824ee4bc16a2738d603
      size: 82
    - path: reports/metrics.json
      hash: md5
      md5: b52d650a8ff0e668ccb81b19c1f2099f
      size: 132
  model_registration:
    cmd: python src/model/register_model.py
    deps:
    - path: reports/experiment_info.json
      hash: md5
      md5: 76622595748ba824ee4bc16a2738d603
      size: 82
    - path: src/model/register_model.py
      hash: md5
      md5: 1c8616bbf75ef31f1bd357258f727614
      size: 3135
